
Microsoft Visual Studio Solution File, Format Version 12.00
# Visual Studio Version 16
VisualStudioVersion = 16.0.31410.357
MinimumVisualStudioVersion = 10.0.40219.1
Project("{9A19103F-16F7-4668-BE54-9A1E7A4F7556}") = "CustomerAPI", "CustomerAPI\CustomerAPI.csproj", "{B6F914FB-3734-40AA-AE84-0CBB9687417E}"
EndProject
Project("{9A19103F-16F7-4668-BE54-9A1E7A4F7556}") = "Contracts", "Contracts\Contracts.csproj", "{7D5994AB-EB1B-4A25-A4FF-C9E12439A5CF}"
EndProject
Project("{9A19103F-16F7-4668-BE54-9A1E7A4F7556}") = "LoggerService", "LoggerService\LoggerService.csproj", "{1555CE1F-9C3D-40B2-B8DE-3F988E689112}"
EndProject
Project("{FAE04EC0-301F-11D3-BF4B-00C04F79EFBC}") = "Entities", "Entities\Entities.csproj", "{D7C3CEC6-99D5-4416-AD00-1C667F9C93F3}"
EndProject
Project("{FAE04EC0-301F-11D3-BF4B-00C04F79EFBC}") = "Repository", "Repository\Repository.csproj", "{D8087705-FA90-4FE8-BD2D-CDFB3CE82FD9}"
EndProject
Global
	GlobalSection(SolutionConfigurationPlatforms) = preSolution
		Debug|Any CPU = Debug|Any CPU
		Release|Any CPU = Release|Any CPU
	EndGlobalSection
	GlobalSection(ProjectConfigurationPlatforms) = postSolution
		{B6F914FB-3734-40AA-AE84-0CBB9687417E}.Debug|Any CPU.ActiveCfg = Debug|Any CPU
		{B6F914FB-3734-40AA-AE84-0CBB9687417E}.Debug|Any CPU.Build.0 = Debug|Any CPU
		{B6F914FB-3734-40AA-AE84-0CBB9687417E}.Release|Any CPU.ActiveCfg = Release|Any CPU
		{B6F914FB-3734-40AA-AE84-0CBB9687417E}.Release|Any CPU.Build.0 = Release|Any CPU
		{7D5994AB-EB1B-4A25-A4FF-C9E12439A5CF}.Debug|Any CPU.ActiveCfg = Debug|Any CPU
		{7D5994AB-EB1B-4A25-A4FF-C9E12439A5CF}.Debug|Any CPU.Build.0 = Debug|Any CPU
		{7D5994AB-EB1B-4A25-A4FF-C9E12439A5CF}.Release|Any CPU.ActiveCfg = Release|Any CPU
		{7D5994AB-EB1B-4A25-A4FF-C9E12439A5CF}.Release|Any CPU.Build.0 = Release|Any CPU
		{1555CE1F-9C3D-40B2-B8DE-3F988E689112}.Debug|Any CPU.ActiveCfg = Debug|Any CPU
		{1555CE1F-9C3D-40B2-B8DE-3F988E689112}.Debug|Any CPU.Build.0 = Debug|Any CPU
		{1555CE1F-9C3D-40B2-B8DE-3F988E689112}.Release|Any CPU.ActiveCfg = Release|Any CPU
		{1555CE1F-9C3D-40B2-B8DE-3F988E689112}.Release|Any CPU.Build.0 = Release|Any CPU
		{D7C3CEC6-99D5-4416-AD00-1C667F9C93F3}.Debug|Any CPU.ActiveCfg = Debug|Any CPU
		{D7C3CEC6-99D5-4416-AD00-1C667F9C93F3}.Debug|Any CPU.Build.0 = Debug|Any CPU
		{D7C3CEC6-99D5-4416-AD00-1C667F9C93F3}.Release|Any CPU.ActiveCfg = Release|Any CPU
		{D7C3CEC6-99D5-4416-AD00-1C667F9C93F3}.Release|Any CPU.Build.0 = Release|Any CPU
		{D8087705-FA90-4FE8-BD2D-CDFB3CE82FD9}.Debug|Any CPU.ActiveCfg = Debug|Any CPU
		{D8087705-FA90-4FE8-BD2D-CDFB3CE82FD9}.Debug|Any CPU.Build.0 = Debug|Any CPU
		{D8087705-FA90-4FE8-BD2D-CDFB3CE82FD9}.Release|Any CPU.ActiveCfg = Release|Any CPU
		{D8087705-FA90-4FE8-BD2D-CDFB3CE82FD9}.Release|Any CPU.Build.0 = Release|Any CPU
	EndGlobalSection
	GlobalSection(SolutionProperties) = preSolution
		HideSolutionNode = FALSE
	EndGlobalSection
	GlobalSection(ExtensibilityGlobals) = postSolution
		SolutionGuid = {B55E85B5-3F38-43A6-AA21-3D4E30EE5987}
	EndGlobalSection
EndGlobal
